PODS:
  - Cartography (1.0.1)
  - Firebase (3.9.0):
    - Firebase/Core (= 3.9.0)
  - Firebase/Core (3.9.0):
    - FirebaseAnalytics (= 3.5.1)
    - FirebaseCore (= 3.4.4)
  - FirebaseAnalytics (3.5.1):
    - FirebaseCore (~> 3.4)
    - FirebaseInstanceID (~> 1.0)
    - GoogleInterchangeUtilities (~> 1.2)
    - GoogleSymbolUtilities (~> 1.1)
    - GoogleToolboxForMac/NSData+zlib (~> 2.1)
  - FirebaseCore (3.4.4):
    - GoogleInterchangeUtilities (~> 1.2)
    - GoogleToolboxForMac/NSData+zlib (~> 2.1)
  - FirebaseInstanceID (1.0.8)
  - Game (1.0.6):
    - JWSwiftTools
  - GoogleInterchangeUtilities (1.2.2):
    - GoogleSymbolUtilities (~> 1.1)
  - GoogleSymbolUtilities (1.1.2)
  - GoogleToolboxForMac/Defines (2.1.0)
  - GoogleToolboxForMac/NSData+zlib (2.1.0):
    - GoogleToolboxForMac/Defines (= 2.1.0)
  - iMessageTools (1.0.4):
    - JWSwiftTools
  - JWSwiftTools (1.1.14)
  - SVGgh (1.8.0)
  - SWXMLHash (3.0.3)

DEPENDENCIES:
  - Cartography
  - Firebase
  - Game
  - iMessageTools
  - JWSwiftTools
  - SVGgh
  - SWXMLHash (~> 3.0.0)

SPEC CHECKSUMS:
  Cartography: c1460e99395b824d9d75360b0382faeb0b33dcd7
  Firebase: ff77ffb77b317c3720fef57a60e9335cebf962e6
  FirebaseAnalytics: 6e58fc9b397664369ac7617fb0ba93fab6ba7b5b
  FirebaseCore: d0ed25f27b6f9158eccc439f1be6f92e81207e28
  FirebaseInstanceID: ba1e640935235e5fac39dfa816fe7660e72e1a8a
  Game: 7d15ab85264fa1791af1d15a66c85a3b2b882dd7
  GoogleInterchangeUtilities: d5bc4d88d5b661ab72f9d70c58d02ca8c27ad1f7
  GoogleSymbolUtilities: 631ee17048aa5e9ab133470d768ea997a5ef9b96
  GoogleToolboxForMac: 2b2596cbb7186865e98cadf2b1e262d851c2b168
  iMessageTools: f180b9f986835371d3f1d82b287ab5c9222e3de7
  JWSwiftTools: c07152e274af4fbb834b350fc54ab52369a41f80
  SVGgh: 6818ae637becaf7b7b062bfa2399d1e566cc6e71
  SWXMLHash: 80d2529d74891bb2f15305a0b9e08f2a4f229ee7

PODFILE CHECKSUM: b2005cc3f02f9b748483dad1230ce1b5bb1b16a4

COCOAPODS: 1.1.1
