PODS:
  - Cartography (1.0.1)
  - Firebase (3.9.0):
    - Firebase/Core (= 3.9.0)
  - Firebase/Core (3.9.0):
    - FirebaseAnalytics (= 3.5.1)
    - FirebaseCore (= 3.4.4)
  - FirebaseAnalytics (3.5.1):
    - FirebaseCore (~> 3.4)
    - FirebaseInstanceID (~> 1.0)
    - GoogleInterchangeUtilities (~> 1.2)
    - GoogleSymbolUtilities (~> 1.1)
    - GoogleToolboxForMac/NSData+zlib (~> 2.1)
  - FirebaseCore (3.4.4):
    - GoogleInterchangeUtilities (~> 1.2)
    - GoogleToolboxForMac/NSData+zlib (~> 2.1)
  - FirebaseInstanceID (1.0.8)
  - Game (1.0):
    - SwiftTools
  - GoogleInterchangeUtilities (1.2.2):
    - GoogleSymbolUtilities (~> 1.1)
  - GoogleSymbolUtilities (1.1.2)
  - GoogleToolboxForMac/Defines (2.1.0)
  - GoogleToolboxForMac/NSData+zlib (2.1.0):
    - GoogleToolboxForMac/Defines (= 2.1.0)
  - iMessageTools (1.0.3):
    - SwiftTools
  - SVGgh (1.8.0)
  - SwiftTools (1.1.14)
  - SWXMLHash (3.0.3)

DEPENDENCIES:
  - Cartography
  - Firebase
  - Game (from `/Users/Developer/Documents/Projects/iOS-Game`)
  - iMessageTools (from `https://github.com/jwitcig/iMessageTools`)
  - SVGgh
  - SwiftTools (from `/Users/Developer/Documents/Projects/SwiftTools`)
  - SWXMLHash (~> 3.0.0)

EXTERNAL SOURCES:
  Game:
    :path: "/Users/Developer/Documents/Projects/iOS-Game"
  iMessageTools:
    :git: https://github.com/jwitcig/iMessageTools
  SwiftTools:
    :git: "/Users/Developer/Documents/Projects/SwiftTools"

CHECKOUT OPTIONS:
  iMessageTools:
    :commit: 3d271eaad2e91887ae0c613fd4869ee1061f2fdc
    :git: https://github.com/jwitcig/iMessageTools
  SwiftTools:
    :commit: 11a72c406f6872ecd45cfde622fdec80a9b8f6b1
    :git: "/Users/Developer/Documents/Projects/SwiftTools"

SPEC CHECKSUMS:
  Cartography: c1460e99395b824d9d75360b0382faeb0b33dcd7
  Firebase: ff77ffb77b317c3720fef57a60e9335cebf962e6
  FirebaseAnalytics: 6e58fc9b397664369ac7617fb0ba93fab6ba7b5b
  FirebaseCore: d0ed25f27b6f9158eccc439f1be6f92e81207e28
  FirebaseInstanceID: ba1e640935235e5fac39dfa816fe7660e72e1a8a
  Game: 73f45343e9b84475b17a0bd7be1ae4f974631a9e
  GoogleInterchangeUtilities: d5bc4d88d5b661ab72f9d70c58d02ca8c27ad1f7
  GoogleSymbolUtilities: 631ee17048aa5e9ab133470d768ea997a5ef9b96
  GoogleToolboxForMac: 2b2596cbb7186865e98cadf2b1e262d851c2b168
  iMessageTools: 8d35ea8ec439c79e45321efb67beeb4fecfbcf89
  SVGgh: 6818ae637becaf7b7b062bfa2399d1e566cc6e71
  SwiftTools: 4de240f38e2fe29ae25ce544cca6dc62072fbc19
  SWXMLHash: 80d2529d74891bb2f15305a0b9e08f2a4f229ee7

PODFILE CHECKSUM: 017e5a409c1bef01ed3535476304e6eef20ef35b

COCOAPODS: 1.1.1
