// !$*UTF8*$!
{
	archiveVersion = 1;
	classes = {
	};
	objectVersion = 46;
	objects = {

/* Begin PBXBuildFile section */
		00B4AF96DFA012296C27BFAC /* Pods_PuttPutt.framework in Frameworks */ = {isa = PBXBuildFile; fileRef = 8C57F9DDAF14E56EF74041AD /* Pods_PuttPutt.framework */; };
		8B6A8FB91DE1795D00C69C80 /* ConfettiBlue.sks in Resources */ = {isa = PBXBuildFile; fileRef = 8B6A8FB81DE1795D00C69C80 /* ConfettiBlue.sks */; };
		8B6A8FBB1DE17A9E00C69C80 /* ConfettiRed.sks in Resources */ = {isa = PBXBuildFile; fileRef = 8B6A8FBA1DE17A9E00C69C80 /* ConfettiRed.sks */; };
		8B6A8FBD1DE17B4D00C69C80 /* ConfettiGreen.sks in Resources */ = {isa = PBXBuildFile; fileRef = 8B6A8FBC1DE17B4D00C69C80 /* ConfettiGreen.sks */; };
		8B6AE07D1DDFE13300595EB4 /* Hole 2.sks in Resources */ = {isa = PBXBuildFile; fileRef = 8B6AE07C1DDFE13300595EB4 /* Hole 2.sks */; };
		8BA758371DDFF68A0073A894 /* Hole 3.sks in Resources */ = {isa = PBXBuildFile; fileRef = 8BA758361DDFF68A0073A894 /* Hole 3.sks */; };
		8BA758391DDFFD750073A894 /* Hole 4.sks in Resources */ = {isa = PBXBuildFile; fileRef = 8BA758381DDFFD750073A894 /* Hole 4.sks */; };
		8BA9CB331DE2D038004A1E3D /* Assets.xcassets in Resources */ = {isa = PBXBuildFile; fileRef = 8BA9CB321DE2D038004A1E3D /* Assets.xcassets */; };
		8BA9CB351DE2D066004A1E3D /* Hole 5.sks in Resources */ = {isa = PBXBuildFile; fileRef = 8BA9CB341DE2D066004A1E3D /* Hole 5.sks */; };
		8BA9CB371DE2D0E6004A1E3D /* Hole 6.sks in Resources */ = {isa = PBXBuildFile; fileRef = 8BA9CB361DE2D0E6004A1E3D /* Hole 6.sks */; };
		8BA9CB391DE2D133004A1E3D /* Hole 7.sks in Resources */ = {isa = PBXBuildFile; fileRef = 8BA9CB381DE2D133004A1E3D /* Hole 7.sks */; };
		8BA9CB3B1DE2D16B004A1E3D /* Hole 8.sks in Resources */ = {isa = PBXBuildFile; fileRef = 8BA9CB3A1DE2D16B004A1E3D /* Hole 8.sks */; };
		8BA9CB3D1DE2D1AB004A1E3D /* Hole 9.sks in Resources */ = {isa = PBXBuildFile; fileRef = 8BA9CB3C1DE2D1AB004A1E3D /* Hole 9.sks */; };
		8BA9CB471DE2F8FE004A1E3D /* MillView.swift in Sources */ = {isa = PBXBuildFile; fileRef = 8BA9CB461DE2F8FE004A1E3D /* MillView.swift */; };
		8BA9CB541DE39DD6004A1E3D /* hole2.svg in Resources */ = {isa = PBXBuildFile; fileRef = 8BA9CB4B1DE39DD6004A1E3D /* hole2.svg */; };
		8BA9CB551DE39DD6004A1E3D /* hole3.svg in Resources */ = {isa = PBXBuildFile; fileRef = 8BA9CB4C1DE39DD6004A1E3D /* hole3.svg */; };
		8BA9CB561DE39DD6004A1E3D /* hole4.svg in Resources */ = {isa = PBXBuildFile; fileRef = 8BA9CB4D1DE39DD6004A1E3D /* hole4.svg */; };
		8BA9CB571DE39DD6004A1E3D /* hole5.svg in Resources */ = {isa = PBXBuildFile; fileRef = 8BA9CB4E1DE39DD6004A1E3D /* hole5.svg */; };
		8BA9CB581DE39DD6004A1E3D /* hole6.svg in Resources */ = {isa = PBXBuildFile; fileRef = 8BA9CB4F1DE39DD6004A1E3D /* hole6.svg */; };
		8BA9CB591DE39DD6004A1E3D /* hole7.svg in Resources */ = {isa = PBXBuildFile; fileRef = 8BA9CB501DE39DD6004A1E3D /* hole7.svg */; };
		8BA9CB5A1DE39DD6004A1E3D /* hole8.svg in Resources */ = {isa = PBXBuildFile; fileRef = 8BA9CB511DE39DD6004A1E3D /* hole8.svg */; };
		8BA9CB5B1DE39DD6004A1E3D /* hole9.svg in Resources */ = {isa = PBXBuildFile; fileRef = 8BA9CB521DE39DD6004A1E3D /* hole9.svg */; };
		8BA9CB5E1DE3BC43004A1E3D /* PuttStyleKit.swift in Sources */ = {isa = PBXBuildFile; fileRef = 8BA9CB5D1DE3BC43004A1E3D /* PuttStyleKit.swift */; };
		8BB222E91DE03CAE00A0C551 /* Hole 1.sks in Resources */ = {isa = PBXBuildFile; fileRef = 8BB222E81DE03CAE00A0C551 /* Hole 1.sks */; };
		8BD53ABC1DDE76A50082593B /* Assets.xcassets in Resources */ = {isa = PBXBuildFile; fileRef = 8BD53ABB1DDE76A50082593B /* Assets.xcassets */; };
		8BD53AC31DDE76A50082593B /* MessagesExtension.appex in Embed App Extensions */ = {isa = PBXBuildFile; fileRef = 8BD53AC21DDE76A50082593B /* MessagesExtension.appex */; settings = {ATTRIBUTES = (RemoveHeadersOnCopy, ); }; };
		8BD53AC81DDE76A50082593B /* Messages.framework in Frameworks */ = {isa = PBXBuildFile; fileRef = 8BD53AC71DDE76A50082593B /* Messages.framework */; };
		8BD53ACB1DDE76A50082593B /* MessagesViewController.swift in Sources */ = {isa = PBXBuildFile; fileRef = 8BD53ACA1DDE76A50082593B /* MessagesViewController.swift */; };
		8BD53ACE1DDE76A50082593B /* MainInterface.storyboard in Resources */ = {isa = PBXBuildFile; fileRef = 8BD53ACC1DDE76A50082593B /* MainInterface.storyboard */; };
		8BD53AE11DDE7C530082593B /* ActionView.swift in Sources */ = {isa = PBXBuildFile; fileRef = 8BD53ADB1DDE7C530082593B /* ActionView.swift */; };
		8BD53AE21DDE7C530082593B /* ActionView.xib in Resources */ = {isa = PBXBuildFile; fileRef = 8BD53ADC1DDE7C530082593B /* ActionView.xib */; };
		8BD53AE31DDE7C530082593B /* GameViewController.swift in Sources */ = {isa = PBXBuildFile; fileRef = 8BD53ADD1DDE7C530082593B /* GameViewController.swift */; };
		8BD53AE41DDE7C530082593B /* GameViewController.xib in Resources */ = {isa = PBXBuildFile; fileRef = 8BD53ADE1DDE7C530082593B /* GameViewController.xib */; };
		8BD53AE51DDE7C530082593B /* ScoreView.swift in Sources */ = {isa = PBXBuildFile; fileRef = 8BD53ADF1DDE7C530082593B /* ScoreView.swift */; };
		8BD53AE61DDE7C530082593B /* ScoreView.xib in Resources */ = {isa = PBXBuildFile; fileRef = 8BD53AE01DDE7C530082593B /* ScoreView.xib */; };
		8BD53AE81DDE7D170082593B /* PuttGame.swift in Sources */ = {isa = PBXBuildFile; fileRef = 8BD53AE71DDE7D170082593B /* PuttGame.swift */; };
		8BD53AEE1DDE80380082593B /* PuttScene.swift in Sources */ = {isa = PBXBuildFile; fileRef = 8BD53AEC1DDE80380082593B /* PuttScene.swift */; };
		8BD53AF01DDE8B630082593B /* GoogleService-Info-Dev.plist in Resources */ = {isa = PBXBuildFile; fileRef = 8BD53AEF1DDE8B630082593B /* GoogleService-Info-Dev.plist */; };
		8BD53B001DDEA6510082593B /* ArrowView.swift in Sources */ = {isa = PBXBuildFile; fileRef = 8BD53AFF1DDEA6510082593B /* ArrowView.swift */; };
		8BDEE85E1DE3CF4600BCCA6E /* hole1.svg in Resources */ = {isa = PBXBuildFile; fileRef = 8BDEE85D1DE3CF4600BCCA6E /* hole1.svg */; };
		8BDEE8611DE3E4A800BCCA6E /* Ball.scn in Resources */ = {isa = PBXBuildFile; fileRef = 8BDEE8601DE3E4A800BCCA6E /* Ball.scn */; };
		8BDEE8631DE3E65600BCCA6E /* Hole 1.scn in Resources */ = {isa = PBXBuildFile; fileRef = 8BDEE8621DE3E65600BCCA6E /* Hole 1.scn */; };
		8BDEE8651DE3E92600BCCA6E /* Hole1Material.swift in Sources */ = {isa = PBXBuildFile; fileRef = 8BDEE8641DE3E92600BCCA6E /* Hole1Material.swift */; };
		8BDEE8671DE3EA8F00BCCA6E /* Surface.png in Resources */ = {isa = PBXBuildFile; fileRef = 8BDEE8661DE3EA8F00BCCA6E /* Surface.png */; };
		97F75DD4C9059E9773B0FAF0 /* Pods_MessagesExtension.framework in Frameworks */ = {isa = PBXBuildFile; fileRef = C45484B2427BBD70264CAE8C /* Pods_MessagesExtension.framework */; };
/* End PBXBuildFile section */

/* Begin PBXContainerItemProxy section */
		8BD53AC41DDE76A50082593B /* PBXContainerItemProxy */ = {
			isa = PBXContainerItemProxy;
			containerPortal = 8BD53AB21DDE76A50082593B /* Project object */;
			proxyType = 1;
			remoteGlobalIDString = 8BD53AC11DDE76A50082593B;
			remoteInfo = MessagesExtension;
		};
/* End PBXContainerItemProxy section */

/* Begin PBXCopyFilesBuildPhase section */
		8B77E7BB1DDEAAA000902F41 /* CopyFiles */ = {
			isa = PBXCopyFilesBuildPhase;
			buildActionMask = 2147483647;
			dstPath = "";
			dstSubfolderSpec = 10;
			files = (
			);
			runOnlyForDeploymentPostprocessing = 0;
		};
		8BD53AD71DDE76A50082593B /* Embed App Extensions */ = {
			isa = PBXCopyFilesBuildPhase;
			buildActionMask = 2147483647;
			dstPath = "";
			dstSubfolderSpec = 13;
			files = (
				8BD53AC31DDE76A50082593B /* MessagesExtension.appex in Embed App Extensions */,
			);
			name = "Embed App Extensions";
			runOnlyForDeploymentPostprocessing = 0;
		};
/* End PBXCopyFilesBuildPhase section */

/* Begin PBXFileReference section */
		097B8C121385D7D2F3398DA7 /* Pods-MessagesExtension.release.xcconfig */ = {isa = PBXFileReference; includeInIndex = 1; lastKnownFileType = text.xcconfig; name = "Pods-MessagesExtension.release.xcconfig"; path = "Pods/Target Support Files/Pods-MessagesExtension/Pods-MessagesExtension.release.xcconfig"; sourceTree = "<group>"; };
		6029B3F68653718858AE68AC /* Pods-PuttPutt.debug.xcconfig */ = {isa = PBXFileReference; includeInIndex = 1; lastKnownFileType = text.xcconfig; name = "Pods-PuttPutt.debug.xcconfig"; path = "Pods/Target Support Files/Pods-PuttPutt/Pods-PuttPutt.debug.xcconfig"; sourceTree = "<group>"; };
		8B6A8FB81DE1795D00C69C80 /* ConfettiBlue.sks */ = {isa = PBXFileReference; lastKnownFileType = file.sks; path = ConfettiBlue.sks; sourceTree = "<group>"; };
		8B6A8FBA1DE17A9E00C69C80 /* ConfettiRed.sks */ = {isa = PBXFileReference; lastKnownFileType = file.sks; path = ConfettiRed.sks; sourceTree = "<group>"; };
		8B6A8FBC1DE17B4D00C69C80 /* ConfettiGreen.sks */ = {isa = PBXFileReference; lastKnownFileType = file.sks; path = ConfettiGreen.sks; sourceTree = "<group>"; };
		8B6AE07C1DDFE13300595EB4 /* Hole 2.sks */ = {isa = PBXFileReference; lastKnownFileType = file.sks; path = "Hole 2.sks"; sourceTree = "<group>"; };
		8BA758361DDFF68A0073A894 /* Hole 3.sks */ = {isa = PBXFileReference; lastKnownFileType = file.sks; path = "Hole 3.sks"; sourceTree = "<group>"; };
		8BA758381DDFFD750073A894 /* Hole 4.sks */ = {isa = PBXFileReference; lastKnownFileType = file.sks; path = "Hole 4.sks"; sourceTree = "<group>"; };
		8BA9CB321DE2D038004A1E3D /* Assets.xcassets */ = {isa = PBXFileReference; lastKnownFileType = folder.assetcatalog; path = Assets.xcassets; sourceTree = "<group>"; };
		8BA9CB341DE2D066004A1E3D /* Hole 5.sks */ = {isa = PBXFileReference; lastKnownFileType = file.sks; path = "Hole 5.sks"; sourceTree = "<group>"; };
		8BA9CB361DE2D0E6004A1E3D /* Hole 6.sks */ = {isa = PBXFileReference; lastKnownFileType = file.sks; path = "Hole 6.sks"; sourceTree = "<group>"; };
		8BA9CB381DE2D133004A1E3D /* Hole 7.sks */ = {isa = PBXFileReference; lastKnownFileType = file.sks; path = "Hole 7.sks"; sourceTree = "<group>"; };
		8BA9CB3A1DE2D16B004A1E3D /* Hole 8.sks */ = {isa = PBXFileReference; lastKnownFileType = file.sks; path = "Hole 8.sks"; sourceTree = "<group>"; };
		8BA9CB3C1DE2D1AB004A1E3D /* Hole 9.sks */ = {isa = PBXFileReference; lastKnownFileType = file.sks; path = "Hole 9.sks"; sourceTree = "<group>"; };
		8BA9CB461DE2F8FE004A1E3D /* MillView.swift */ = {isa = PBXFileReference; fileEncoding = 4; lastKnownFileType = sourcecode.swift; path = MillView.swift; sourceTree = "<group>"; };
		8BA9CB4B1DE39DD6004A1E3D /* hole2.svg */ = {isa = PBXFileReference; fileEncoding = 4; lastKnownFileType = text.xml; path = hole2.svg; sourceTree = "<group>"; };
		8BA9CB4C1DE39DD6004A1E3D /* hole3.svg */ = {isa = PBXFileReference; fileEncoding = 4; lastKnownFileType = text.xml; path = hole3.svg; sourceTree = "<group>"; };
		8BA9CB4D1DE39DD6004A1E3D /* hole4.svg */ = {isa = PBXFileReference; fileEncoding = 4; lastKnownFileType = text.xml; path = hole4.svg; sourceTree = "<group>"; };
		8BA9CB4E1DE39DD6004A1E3D /* hole5.svg */ = {isa = PBXFileReference; fileEncoding = 4; lastKnownFileType = text.xml; path = hole5.svg; sourceTree = "<group>"; };
		8BA9CB4F1DE39DD6004A1E3D /* hole6.svg */ = {isa = PBXFileReference; fileEncoding = 4; lastKnownFileType = text.xml; path = hole6.svg; sourceTree = "<group>"; };
		8BA9CB501DE39DD6004A1E3D /* hole7.svg */ = {isa = PBXFileReference; fileEncoding = 4; lastKnownFileType = text.xml; path = hole7.svg; sourceTree = "<group>"; };
		8BA9CB511DE39DD6004A1E3D /* hole8.svg */ = {isa = PBXFileReference; fileEncoding = 4; lastKnownFileType = text.xml; path = hole8.svg; sourceTree = "<group>"; };
		8BA9CB521DE39DD6004A1E3D /* hole9.svg */ = {isa = PBXFileReference; fileEncoding = 4; lastKnownFileType = text.xml; path = hole9.svg; sourceTree = "<group>"; };
		8BA9CB5D1DE3BC43004A1E3D /* PuttStyleKit.swift */ = {isa = PBXFileReference; fileEncoding = 4; lastKnownFileType = sourcecode.swift; path = PuttStyleKit.swift; sourceTree = "<group>"; };
		8BB222E81DE03CAE00A0C551 /* Hole 1.sks */ = {isa = PBXFileReference; lastKnownFileType = file.sks; path = "Hole 1.sks"; sourceTree = "<group>"; };
		8BD53AB81DDE76A50082593B /* PuttPutt.app */ = {isa = PBXFileReference; explicitFileType = wrapper.application; includeInIndex = 0; path = PuttPutt.app; sourceTree = BUILT_PRODUCTS_DIR; };
		8BD53ABB1DDE76A50082593B /* Assets.xcassets */ = {isa = PBXFileReference; lastKnownFileType = folder.assetcatalog; path = Assets.xcassets; sourceTree = "<group>"; };
		8BD53ABD1DDE76A50082593B /* Info.plist */ = {isa = PBXFileReference; lastKnownFileType = text.plist.xml; path = Info.plist; sourceTree = "<group>"; };
		8BD53AC21DDE76A50082593B /* MessagesExtension.appex */ = {isa = PBXFileReference; explicitFileType = "wrapper.app-extension"; includeInIndex = 0; path = MessagesExtension.appex; sourceTree = BUILT_PRODUCTS_DIR; };
		8BD53AC71DDE76A50082593B /* Messages.framework */ = {isa = PBXFileReference; lastKnownFileType = wrapper.framework; name = Messages.framework; path = System/Library/Frameworks/Messages.framework; sourceTree = SDKROOT; };
		8BD53ACA1DDE76A50082593B /* MessagesViewController.swift */ = {isa = PBXFileReference; lastKnownFileType = sourcecode.swift; path = MessagesViewController.swift; sourceTree = "<group>"; };
		8BD53ACD1DDE76A50082593B /* Base */ = {isa = PBXFileReference; lastKnownFileType = file.storyboard; name = Base; path = Base.lproj/MainInterface.storyboard; sourceTree = "<group>"; };
		8BD53AD11DDE76A50082593B /* Info.plist */ = {isa = PBXFileReference; lastKnownFileType = text.plist.xml; path = Info.plist; sourceTree = "<group>"; };
		8BD53ADB1DDE7C530082593B /* ActionView.swift */ = {isa = PBXFileReference; fileEncoding = 4; lastKnownFileType = sourcecode.swift; path = ActionView.swift; sourceTree = "<group>"; };
		8BD53ADC1DDE7C530082593B /* ActionView.xib */ = {isa = PBXFileReference; fileEncoding = 4; lastKnownFileType = file.xib; path = ActionView.xib; sourceTree = "<group>"; };
		8BD53ADD1DDE7C530082593B /* GameViewController.swift */ = {isa = PBXFileReference; fileEncoding = 4; lastKnownFileType = sourcecode.swift; path = GameViewController.swift; sourceTree = "<group>"; };
		8BD53ADE1DDE7C530082593B /* GameViewController.xib */ = {isa = PBXFileReference; fileEncoding = 4; lastKnownFileType = file.xib; path = GameViewController.xib; sourceTree = "<group>"; };
		8BD53ADF1DDE7C530082593B /* ScoreView.swift */ = {isa = PBXFileReference; fileEncoding = 4; lastKnownFileType = sourcecode.swift; path = ScoreView.swift; sourceTree = "<group>"; };
		8BD53AE01DDE7C530082593B /* ScoreView.xib */ = {isa = PBXFileReference; fileEncoding = 4; lastKnownFileType = file.xib; path = ScoreView.xib; sourceTree = "<group>"; };
		8BD53AE71DDE7D170082593B /* PuttGame.swift */ = {isa = PBXFileReference; fileEncoding = 4; lastKnownFileType = sourcecode.swift; path = PuttGame.swift; sourceTree = "<group>"; };
		8BD53AEC1DDE80380082593B /* PuttScene.swift */ = {isa = PBXFileReference; fileEncoding = 4; lastKnownFileType = sourcecode.swift; path = PuttScene.swift; sourceTree = "<group>"; };
		8BD53AEF1DDE8B630082593B /* GoogleService-Info-Dev.plist */ = {isa = PBXFileReference; fileEncoding = 4; lastKnownFileType = text.plist.xml; path = "GoogleService-Info-Dev.plist"; sourceTree = "<group>"; };
		8BD53AFF1DDEA6510082593B /* ArrowView.swift */ = {isa = PBXFileReference; fileEncoding = 4; lastKnownFileType = sourcecode.swift; path = ArrowView.swift; sourceTree = "<group>"; };
		8BDEE85D1DE3CF4600BCCA6E /* hole1.svg */ = {isa = PBXFileReference; fileEncoding = 4; lastKnownFileType = text.xml; path = hole1.svg; sourceTree = "<group>"; };
		8BDEE85F1DE3E01000BCCA6E /* MyPlayground.playground */ = {isa = PBXFileReference; lastKnownFileType = file.playground; name = MyPlayground.playground; path = ../../../../Desktop/MyPlayground.playground; sourceTree = "<group>"; };
		8BDEE8601DE3E4A800BCCA6E /* Ball.scn */ = {isa = PBXFileReference; lastKnownFileType = file.bplist; path = Ball.scn; sourceTree = "<group>"; };
		8BDEE8621DE3E65600BCCA6E /* Hole 1.scn */ = {isa = PBXFileReference; lastKnownFileType = file.bplist; path = "Hole 1.scn"; sourceTree = "<group>"; };
		8BDEE8641DE3E92600BCCA6E /* Hole1Material.swift */ = {isa = PBXFileReference; fileEncoding = 4; lastKnownFileType = sourcecode.swift; path = Hole1Material.swift; sourceTree = "<group>"; };
		8BDEE8661DE3EA8F00BCCA6E /* Surface.png */ = {isa = PBXFileReference; lastKnownFileType = image.png; path = Surface.png; sourceTree = "<group>"; };
		8C57F9DDAF14E56EF74041AD /* Pods_PuttPutt.framework */ = {isa = PBXFileReference; explicitFileType = wrapper.framework; includeInIndex = 0; path = Pods_PuttPutt.framework; sourceTree = BUILT_PRODUCTS_DIR; };
		B517013EB446AA897228E7A9 /* Pods-MessagesExtension.debug.xcconfig */ = {isa = PBXFileReference; includeInIndex = 1; lastKnownFileType = text.xcconfig; name = "Pods-MessagesExtension.debug.xcconfig"; path = "Pods/Target Support Files/Pods-MessagesExtension/Pods-MessagesExtension.debug.xcconfig"; sourceTree = "<group>"; };
		C13FC445CF7B361ED44341EE /* Pods-PuttPutt.release.xcconfig */ = {isa = PBXFileReference; includeInIndex = 1; lastKnownFileType = text.xcconfig; name = "Pods-PuttPutt.release.xcconfig"; path = "Pods/Target Support Files/Pods-PuttPutt/Pods-PuttPutt.release.xcconfig"; sourceTree = "<group>"; };
		C45484B2427BBD70264CAE8C /* Pods_MessagesExtension.framework */ = {isa = PBXFileReference; explicitFileType = wrapper.framework; includeInIndex = 0; path = Pods_MessagesExtension.framework; sourceTree = BUILT_PRODUCTS_DIR; };
/* End PBXFileReference section */

/* Begin PBXFrameworksBuildPhase section */
		69630DD3DA47BE59F8F676B0 /* Frameworks */ = {
			isa = PBXFrameworksBuildPhase;
			buildActionMask = 2147483647;
			files = (
				00B4AF96DFA012296C27BFAC /* Pods_PuttPutt.framework in Frameworks */,
			);
			runOnlyForDeploymentPostprocessing = 0;
		};
		8BD53ABF1DDE76A50082593B /* Frameworks */ = {
			isa = PBXFrameworksBuildPhase;
			buildActionMask = 2147483647;
			files = (
				8BD53AC81DDE76A50082593B /* Messages.framework in Frameworks */,
				97F75DD4C9059E9773B0FAF0 /* Pods_MessagesExtension.framework in Frameworks */,
			);
			runOnlyForDeploymentPostprocessing = 0;
		};
/* End PBXFrameworksBuildPhase section */

/* Begin PBXGroup section */
		20CBC2897DB0B151D55A955E /* Pods */ = {
			isa = PBXGroup;
			children = (
				B517013EB446AA897228E7A9 /* Pods-MessagesExtension.debug.xcconfig */,
				097B8C121385D7D2F3398DA7 /* Pods-MessagesExtension.release.xcconfig */,
				6029B3F68653718858AE68AC /* Pods-PuttPutt.debug.xcconfig */,
				C13FC445CF7B361ED44341EE /* Pods-PuttPutt.release.xcconfig */,
			);
			name = Pods;
			sourceTree = "<group>";
		};
		8BD53AB11DDE76A50082593B = {
			isa = PBXGroup;
			children = (
				8BD53ABA1DDE76A50082593B /* PuttPutt */,
				8BD53AC91DDE76A50082593B /* MessagesExtension */,
				8BD53AC61DDE76A50082593B /* Frameworks */,
				8BD53AB91DDE76A50082593B /* Products */,
				20CBC2897DB0B151D55A955E /* Pods */,
			);
			sourceTree = "<group>";
		};
		8BD53AB91DDE76A50082593B /* Products */ = {
			isa = PBXGroup;
			children = (
				8BD53AB81DDE76A50082593B /* PuttPutt.app */,
				8BD53AC21DDE76A50082593B /* MessagesExtension.appex */,
			);
			name = Products;
			sourceTree = "<group>";
		};
		8BD53ABA1DDE76A50082593B /* PuttPutt */ = {
			isa = PBXGroup;
			children = (
				8BD53ABB1DDE76A50082593B /* Assets.xcassets */,
				8BD53ABD1DDE76A50082593B /* Info.plist */,
			);
			path = PuttPutt;
			sourceTree = "<group>";
		};
		8BD53AC61DDE76A50082593B /* Frameworks */ = {
			isa = PBXGroup;
			children = (
				8BD53AC71DDE76A50082593B /* Messages.framework */,
				C45484B2427BBD70264CAE8C /* Pods_MessagesExtension.framework */,
				8C57F9DDAF14E56EF74041AD /* Pods_PuttPutt.framework */,
			);
			name = Frameworks;
			sourceTree = "<group>";
		};
		8BD53AC91DDE76A50082593B /* MessagesExtension */ = {
			isa = PBXGroup;
			children = (
				8BD53ACA1DDE76A50082593B /* MessagesViewController.swift */,
				8BD53ACC1DDE76A50082593B /* MainInterface.storyboard */,
				8BD53ADD1DDE7C530082593B /* GameViewController.swift */,
				8BD53ADE1DDE7C530082593B /* GameViewController.xib */,
				8BFA247E1DE12299005F5F9C /* Holes */,
				8BFA247F1DE122C6005F5F9C /* Putt */,
				8BFA24801DE12304005F5F9C /* Popups */,
				8BD53AEF1DDE8B630082593B /* GoogleService-Info-Dev.plist */,
				8BA9CB5D1DE3BC43004A1E3D /* PuttStyleKit.swift */,
				8BD53AD11DDE76A50082593B /* Info.plist */,
				8BA9CB321DE2D038004A1E3D /* Assets.xcassets */,
			);
			path = MessagesExtension;
			sourceTree = "<group>";
		};
		8BFA247E1DE12299005F5F9C /* Holes */ = {
			isa = PBXGroup;
			children = (
				8BB222E81DE03CAE00A0C551 /* Hole 1.sks */,
				8BDEE8601DE3E4A800BCCA6E /* Ball.scn */,
				8BDEE8621DE3E65600BCCA6E /* Hole 1.scn */,
				8BDEE8661DE3EA8F00BCCA6E /* Surface.png */,
				8BDEE8641DE3E92600BCCA6E /* Hole1Material.swift */,
				8B6AE07C1DDFE13300595EB4 /* Hole 2.sks */,
				8BA758361DDFF68A0073A894 /* Hole 3.sks */,
				8BA758381DDFFD750073A894 /* Hole 4.sks */,
				8BA9CB341DE2D066004A1E3D /* Hole 5.sks */,
				8BA9CB361DE2D0E6004A1E3D /* Hole 6.sks */,
				8BA9CB381DE2D133004A1E3D /* Hole 7.sks */,
				8BA9CB3A1DE2D16B004A1E3D /* Hole 8.sks */,
				8BA9CB3C1DE2D1AB004A1E3D /* Hole 9.sks */,
				8BDEE85D1DE3CF4600BCCA6E /* hole1.svg */,
				8BA9CB4B1DE39DD6004A1E3D /* hole2.svg */,
				8BA9CB4C1DE39DD6004A1E3D /* hole3.svg */,
				8BA9CB4D1DE39DD6004A1E3D /* hole4.svg */,
				8BA9CB4E1DE39DD6004A1E3D /* hole5.svg */,
				8BA9CB4F1DE39DD6004A1E3D /* hole6.svg */,
				8BA9CB501DE39DD6004A1E3D /* hole7.svg */,
				8BA9CB511DE39DD6004A1E3D /* hole8.svg */,
				8BA9CB521DE39DD6004A1E3D /* hole9.svg */,
			);
			name = Holes;
			sourceTree = "<group>";
		};
		8BFA247F1DE122C6005F5F9C /* Putt */ = {
			isa = PBXGroup;
			children = (
				8BD53AE71DDE7D170082593B /* PuttGame.swift */,
				8BD53AEC1DDE80380082593B /* PuttScene.swift */,
				8BDEE85F1DE3E01000BCCA6E /* MyPlayground.playground */,
				8BA9CB461DE2F8FE004A1E3D /* MillView.swift */,
				8B6A8FBA1DE17A9E00C69C80 /* ConfettiRed.sks */,
				8B6A8FBC1DE17B4D00C69C80 /* ConfettiGreen.sks */,
				8B6A8FB81DE1795D00C69C80 /* ConfettiBlue.sks */,
				8BD53AFF1DDEA6510082593B /* ArrowView.swift */,
			);
			name = Putt;
			sourceTree = "<group>";
		};
		8BFA24801DE12304005F5F9C /* Popups */ = {
			isa = PBXGroup;
			children = (
				8BD53ADB1DDE7C530082593B /* ActionView.swift */,
				8BD53ADC1DDE7C530082593B /* ActionView.xib */,
				8BD53ADF1DDE7C530082593B /* ScoreView.swift */,
				8BD53AE01DDE7C530082593B /* ScoreView.xib */,
			);
			name = Popups;
			sourceTree = "<group>";
		};
/* End PBXGroup section */

/* Begin PBXNativeTarget section */
		8BD53AB71DDE76A50082593B /* PuttPutt */ = {
			isa = PBXNativeTarget;
			buildConfigurationList = 8BD53AD81DDE76A50082593B /* Build configuration list for PBXNativeTarget "PuttPutt" */;
			buildPhases = (
				E35C743BAEF25483DFE6A79F /* [CP] Check Pods Manifest.lock */,
				8BD53AB61DDE76A50082593B /* Resources */,
				8BD53AD71DDE76A50082593B /* Embed App Extensions */,
				69630DD3DA47BE59F8F676B0 /* Frameworks */,
				3BF5D2D5FFCB1AEF71F8E593 /* [CP] Embed Pods Frameworks */,
				1F7F6D64E9D1C0EB223F6702 /* [CP] Copy Pods Resources */,
			);
			buildRules = (
			);
			dependencies = (
				8BD53AC51DDE76A50082593B /* PBXTargetDependency */,
			);
			name = PuttPutt;
			productName = PuttPutt;
			productReference = 8BD53AB81DDE76A50082593B /* PuttPutt.app */;
			productType = "com.apple.product-type.application.messages";
		};
		8BD53AC11DDE76A50082593B /* MessagesExtension */ = {
			isa = PBXNativeTarget;
			buildConfigurationList = 8BD53AD41DDE76A50082593B /* Build configuration list for PBXNativeTarget "MessagesExtension" */;
			buildPhases = (
				6E05EABBB8ADA5410E254D49 /* [CP] Check Pods Manifest.lock */,
				8BD53ABE1DDE76A50082593B /* Sources */,
				8BD53ABF1DDE76A50082593B /* Frameworks */,
				8BD53AC01DDE76A50082593B /* Resources */,
				82C91BD456BA11256DAF21A2 /* [CP] Copy Pods Resources */,
				8B77E7BB1DDEAAA000902F41 /* CopyFiles */,
			);
			buildRules = (
			);
			dependencies = (
			);
			name = MessagesExtension;
			productName = MessagesExtension;
			productReference = 8BD53AC21DDE76A50082593B /* MessagesExtension.appex */;
			productType = "com.apple.product-type.app-extension.messages";
		};
/* End PBXNativeTarget section */

/* Begin PBXProject section */
		8BD53AB21DDE76A50082593B /* Project object */ = {
			isa = PBXProject;
			attributes = {
				LastSwiftUpdateCheck = 0810;
				LastUpgradeCheck = 0810;
				ORGANIZATIONNAME = JwitApps;
				TargetAttributes = {
					8BD53AB71DDE76A50082593B = {
						CreatedOnToolsVersion = 8.1;
						DevelopmentTeam = 349WFX4WJR;
						ProvisioningStyle = Automatic;
					};
					8BD53AC11DDE76A50082593B = {
						CreatedOnToolsVersion = 8.1;
						DevelopmentTeam = 349WFX4WJR;
						ProvisioningStyle = Automatic;
					};
				};
			};
			buildConfigurationList = 8BD53AB51DDE76A50082593B /* Build configuration list for PBXProject "PuttPutt" */;
			compatibilityVersion = "Xcode 3.2";
			developmentRegion = English;
			hasScannedForEncodings = 0;
			knownRegions = (
				en,
				Base,
			);
			mainGroup = 8BD53AB11DDE76A50082593B;
			productRefGroup = 8BD53AB91DDE76A50082593B /* Products */;
			projectDirPath = "";
			projectRoot = "";
			targets = (
				8BD53AB71DDE76A50082593B /* PuttPutt */,
				8BD53AC11DDE76A50082593B /* MessagesExtension */,
			);
		};
/* End PBXProject section */

/* Begin PBXResourcesBuildPhase section */
		8BD53AB61DDE76A50082593B /* Resources */ = {
			isa = PBXResourcesBuildPhase;
			buildActionMask = 2147483647;
			files = (
				8BD53ABC1DDE76A50082593B /* Assets.xcassets in Resources */,
			);
			runOnlyForDeploymentPostprocessing = 0;
		};
		8BD53AC01DDE76A50082593B /* Resources */ = {
			isa = PBXResourcesBuildPhase;
			buildActionMask = 2147483647;
			files = (
				8BD53AE41DDE7C530082593B /* GameViewController.xib in Resources */,
				8BDEE85E1DE3CF4600BCCA6E /* hole1.svg in Resources */,
				8BA9CB5B1DE39DD6004A1E3D /* hole9.svg in Resources */,
				8BA758371DDFF68A0073A894 /* Hole 3.sks in Resources */,
				8BA9CB331DE2D038004A1E3D /* Assets.xcassets in Resources */,
				8BDEE8631DE3E65600BCCA6E /* Hole 1.scn in Resources */,
				8BB222E91DE03CAE00A0C551 /* Hole 1.sks in Resources */,
				8BA9CB571DE39DD6004A1E3D /* hole5.svg in Resources */,
				8BA9CB5A1DE39DD6004A1E3D /* hole8.svg in Resources */,
				8BD53AE21DDE7C530082593B /* ActionView.xib in Resources */,
				8BA9CB371DE2D0E6004A1E3D /* Hole 6.sks in Resources */,
				8BD53ACE1DDE76A50082593B /* MainInterface.storyboard in Resources */,
				8BA9CB591DE39DD6004A1E3D /* hole7.svg in Resources */,
				8BA9CB561DE39DD6004A1E3D /* hole4.svg in Resources */,
				8BA9CB551DE39DD6004A1E3D /* hole3.svg in Resources */,
				8B6A8FB91DE1795D00C69C80 /* ConfettiBlue.sks in Resources */,
				8BD53AE61DDE7C530082593B /* ScoreView.xib in Resources */,
				8BD53AF01DDE8B630082593B /* GoogleService-Info-Dev.plist in Resources */,
				8BA9CB581DE39DD6004A1E3D /* hole6.svg in Resources */,
				8BA9CB3D1DE2D1AB004A1E3D /* Hole 9.sks in Resources */,
				8BA758391DDFFD750073A894 /* Hole 4.sks in Resources */,
				8B6A8FBD1DE17B4D00C69C80 /* ConfettiGreen.sks in Resources */,
				8BA9CB541DE39DD6004A1E3D /* hole2.svg in Resources */,
				8BA9CB351DE2D066004A1E3D /* Hole 5.sks in Resources */,
				8B6AE07D1DDFE13300595EB4 /* Hole 2.sks in Resources */,
				8BA9CB3B1DE2D16B004A1E3D /* Hole 8.sks in Resources */,
				8BA9CB391DE2D133004A1E3D /* Hole 7.sks in Resources */,
				8B6A8FBB1DE17A9E00C69C80 /* ConfettiRed.sks in Resources */,
				8BDEE8611DE3E4A800BCCA6E /* Ball.scn in Resources */,
				8BDEE8671DE3EA8F00BCCA6E /* Surface.png in Resources */,
			);
			runOnlyForDeploymentPostprocessing = 0;
		};
/* End PBXResourcesBuildPhase section */

/* Begin PBXShellScriptBuildPhase section */
		1F7F6D64E9D1C0EB223F6702 /* [CP] Copy Pods Resources */ = {
			isa = PBXShellScriptBuildPhase;
			buildActionMask = 2147483647;
			files = (
			);
			inputPaths = (
			);
			name = "[CP] Copy Pods Resources";
			outputPaths = (
			);
			runOnlyForDeploymentPostprocessing = 0;
			shellPath = /bin/sh;
			shellScript = "\"${SRCROOT}/Pods/Target Support Files/Pods-PuttPutt/Pods-PuttPutt-resources.sh\"\n";
			showEnvVarsInLog = 0;
		};
		3BF5D2D5FFCB1AEF71F8E593 /* [CP] Embed Pods Frameworks */ = {
			isa = PBXShellScriptBuildPhase;
			buildActionMask = 2147483647;
			files = (
			);
			inputPaths = (
			);
			name = "[CP] Embed Pods Frameworks";
			outputPaths = (
			);
			runOnlyForDeploymentPostprocessing = 0;
			shellPath = /bin/sh;
			shellScript = "\"${SRCROOT}/Pods/Target Support Files/Pods-PuttPutt/Pods-PuttPutt-frameworks.sh\"\n";
			showEnvVarsInLog = 0;
		};
		6E05EABBB8ADA5410E254D49 /* [CP] Check Pods Manifest.lock */ = {
			isa = PBXShellScriptBuildPhase;
			buildActionMask = 2147483647;
			files = (
			);
			inputPaths = (
			);
			name = "[CP] Check Pods Manifest.lock";
			outputPaths = (
			);
			runOnlyForDeploymentPostprocessing = 0;
			shellPath = /bin/sh;
			shellScript = "diff \"${PODS_ROOT}/../Podfile.lock\" \"${PODS_ROOT}/Manifest.lock\" > /dev/null\nif [ $? != 0 ] ; then\n    # print error to STDERR\n    echo \"error: The sandbox is not in sync with the Podfile.lock. Run 'pod install' or update your CocoaPods installation.\" >&2\n    exit 1\nfi\n";
			showEnvVarsInLog = 0;
		};
		82C91BD456BA11256DAF21A2 /* [CP] Copy Pods Resources */ = {
			isa = PBXShellScriptBuildPhase;
			buildActionMask = 2147483647;
			files = (
			);
			inputPaths = (
			);
			name = "[CP] Copy Pods Resources";
			outputPaths = (
			);
			runOnlyForDeploymentPostprocessing = 0;
			shellPath = /bin/sh;
			shellScript = "\"${SRCROOT}/Pods/Target Support Files/Pods-MessagesExtension/Pods-MessagesExtension-resources.sh\"\n";
			showEnvVarsInLog = 0;
		};
		E35C743BAEF25483DFE6A79F /* [CP] Check Pods Manifest.lock */ = {
			isa = PBXShellScriptBuildPhase;
			buildActionMask = 2147483647;
			files = (
			);
			inputPaths = (
			);
			name = "[CP] Check Pods Manifest.lock";
			outputPaths = (
			);
			runOnlyForDeploymentPostprocessing = 0;
			shellPath = /bin/sh;
			shellScript = "diff \"${PODS_ROOT}/../Podfile.lock\" \"${PODS_ROOT}/Manifest.lock\" > /dev/null\nif [ $? != 0 ] ; then\n    # print error to STDERR\n    echo \"error: The sandbox is not in sync with the Podfile.lock. Run 'pod install' or update your CocoaPods installation.\" >&2\n    exit 1\nfi\n";
			showEnvVarsInLog = 0;
		};
/* End PBXShellScriptBuildPhase section */

/* Begin PBXSourcesBuildPhase section */
		8BD53ABE1DDE76A50082593B /* Sources */ = {
			isa = PBXSourcesBuildPhase;
			buildActionMask = 2147483647;
			files = (
				8BDEE8651DE3E92600BCCA6E /* Hole1Material.swift in Sources */,
				8BD53B001DDEA6510082593B /* ArrowView.swift in Sources */,
				8BD53AE81DDE7D170082593B /* PuttGame.swift in Sources */,
				8BA9CB471DE2F8FE004A1E3D /* MillView.swift in Sources */,
				8BD53AE11DDE7C530082593B /* ActionView.swift in Sources */,
				8BD53AEE1DDE80380082593B /* PuttScene.swift in Sources */,
				8BD53AE51DDE7C530082593B /* ScoreView.swift in Sources */,
				8BD53AE31DDE7C530082593B /* GameViewController.swift in Sources */,
				8BA9CB5E1DE3BC43004A1E3D /* PuttStyleKit.swift in Sources */,
				8BD53ACB1DDE76A50082593B /* MessagesViewController.swift in Sources */,
			);
			runOnlyForDeploymentPostprocessing = 0;
		};
/* End PBXSourcesBuildPhase section */

/* Begin PBXTargetDependency section */
		8BD53AC51DDE76A50082593B /* PBXTargetDependency */ = {
			isa = PBXTargetDependency;
			target = 8BD53AC11DDE76A50082593B /* MessagesExtension */;
			targetProxy = 8BD53AC41DDE76A50082593B /* PBXContainerItemProxy */;
		};
/* End PBXTargetDependency section */

/* Begin PBXVariantGroup section */
		8BD53ACC1DDE76A50082593B /* MainInterface.storyboard */ = {
			isa = PBXVariantGroup;
			children = (
				8BD53ACD1DDE76A50082593B /* Base */,
			);
			name = MainInterface.storyboard;
			sourceTree = "<group>";
		};
/* End PBXVariantGroup section */

/* Begin XCBuildConfiguration section */
		8BD53AD21DDE76A50082593B /* Debug */ = {
			isa = XCBuildConfiguration;
			buildSettings = {
				ALWAYS_SEARCH_USER_PATHS = NO;
				CLANG_ANALYZER_NONNULL = YES;
				CLANG_CXX_LANGUAGE_STANDARD = "gnu++0x";
				CLANG_CXX_LIBRARY = "libc++";
				CLANG_ENABLE_MODULES = YES;
				CLANG_ENABLE_OBJC_ARC = YES;
				CLANG_WARN_BOOL_CONVERSION = YES;
				CLANG_WARN_CONSTANT_CONVERSION = YES;
				CLANG_WARN_DIRECT_OBJC_ISA_USAGE = YES_ERROR;
				CLANG_WARN_DOCUMENTATION_COMMENTS = YES;
				CLANG_WARN_EMPTY_BODY = YES;
				CLANG_WARN_ENUM_CONVERSION = YES;
				CLANG_WARN_INFINITE_RECURSION = YES;
				CLANG_WARN_INT_CONVERSION = YES;
				CLANG_WARN_OBJC_ROOT_CLASS = YES_ERROR;
				CLANG_WARN_SUSPICIOUS_MOVES = YES;
				CLANG_WARN_UNREACHABLE_CODE = YES;
				CLANG_WARN__DUPLICATE_METHOD_MATCH = YES;
				"CODE_SIGN_IDENTITY[sdk=iphoneos*]" = "iPhone Developer";
				COPY_PHASE_STRIP = NO;
				DEBUG_INFORMATION_FORMAT = dwarf;
				ENABLE_STRICT_OBJC_MSGSEND = YES;
				ENABLE_TESTABILITY = YES;
				GCC_C_LANGUAGE_STANDARD = gnu99;
				GCC_DYNAMIC_NO_PIC = NO;
				GCC_NO_COMMON_BLOCKS = YES;
				GCC_OPTIMIZATION_LEVEL = 0;
				GCC_PREPROCESSOR_DEFINITIONS = (
					"DEBUG=1",
					"$(inherited)",
				);
				GCC_WARN_64_TO_32_BIT_CONVERSION = YES;
				GCC_WARN_ABOUT_RETURN_TYPE = YES_ERROR;
				GCC_WARN_UNDECLARED_SELECTOR = YES;
				GCC_WARN_UNINITIALIZED_AUTOS = YES_AGGRESSIVE;
				GCC_WARN_UNUSED_FUNCTION = YES;
				GCC_WARN_UNUSED_VARIABLE = YES;
				IPHONEOS_DEPLOYMENT_TARGET = 10.1;
				MTL_ENABLE_DEBUG_INFO = YES;
				ONLY_ACTIVE_ARCH = YES;
				SDKROOT = iphoneos;
				SWIFT_ACTIVE_COMPILATION_CONDITIONS = DEBUG;
				SWIFT_OPTIMIZATION_LEVEL = "-Onone";
				TARGETED_DEVICE_FAMILY = "1,2";
			};
			name = Debug;
		};
		8BD53AD31DDE76A50082593B /* Release */ = {
			isa = XCBuildConfiguration;
			buildSettings = {
				ALWAYS_SEARCH_USER_PATHS = NO;
				CLANG_ANALYZER_NONNULL = YES;
				CLANG_CXX_LANGUAGE_STANDARD = "gnu++0x";
				CLANG_CXX_LIBRARY = "libc++";
				CLANG_ENABLE_MODULES = YES;
				CLANG_ENABLE_OBJC_ARC = YES;
				CLANG_WARN_BOOL_CONVERSION = YES;
				CLANG_WARN_CONSTANT_CONVERSION = YES;
				CLANG_WARN_DIRECT_OBJC_ISA_USAGE = YES_ERROR;
				CLANG_WARN_DOCUMENTATION_COMMENTS = YES;
				CLANG_WARN_EMPTY_BODY = YES;
				CLANG_WARN_ENUM_CONVERSION = YES;
				CLANG_WARN_INFINITE_RECURSION = YES;
				CLANG_WARN_INT_CONVERSION = YES;
				CLANG_WARN_OBJC_ROOT_CLASS = YES_ERROR;
				CLANG_WARN_SUSPICIOUS_MOVES = YES;
				CLANG_WARN_UNREACHABLE_CODE = YES;
				CLANG_WARN__DUPLICATE_METHOD_MATCH = YES;
				"CODE_SIGN_IDENTITY[sdk=iphoneos*]" = "iPhone Developer";
				COPY_PHASE_STRIP = NO;
				DEBUG_INFORMATION_FORMAT = "dwarf-with-dsym";
				ENABLE_NS_ASSERTIONS = NO;
				ENABLE_STRICT_OBJC_MSGSEND = YES;
				GCC_C_LANGUAGE_STANDARD = gnu99;
				GCC_NO_COMMON_BLOCKS = YES;
				GCC_WARN_64_TO_32_BIT_CONVERSION = YES;
				GCC_WARN_ABOUT_RETURN_TYPE = YES_ERROR;
				GCC_WARN_UNDECLARED_SELECTOR = YES;
				GCC_WARN_UNINITIALIZED_AUTOS = YES_AGGRESSIVE;
				GCC_WARN_UNUSED_FUNCTION = YES;
				GCC_WARN_UNUSED_VARIABLE = YES;
				IPHONEOS_DEPLOYMENT_TARGET = 10.1;
				MTL_ENABLE_DEBUG_INFO = NO;
				SDKROOT = iphoneos;
				SWIFT_OPTIMIZATION_LEVEL = "-Owholemodule";
				TARGETED_DEVICE_FAMILY = "1,2";
				VALIDATE_PRODUCT = YES;
			};
			name = Release;
		};
		8BD53AD51DDE76A50082593B /* Debug */ = {
			isa = XCBuildConfiguration;
			baseConfigurationReference = B517013EB446AA897228E7A9 /* Pods-MessagesExtension.debug.xcconfig */;
			buildSettings = {
				ASSETCATALOG_COMPILER_APPICON_NAME = "iMessage App Icon";
				DEVELOPMENT_TEAM = 349WFX4WJR;
				FRAMEWORK_SEARCH_PATHS = (
					"$(inherited)",
					"$(PROJECT_DIR)/MessagesExtension",
					"$(PROJECT_DIR)",
				);
				GOOGLE_SERVICES_FILE = "GoogleService-Info-Dev";
				INFOPLIST_FILE = MessagesExtension/Info.plist;
				LD_RUNPATH_SEARCH_PATHS = "$(inherited) @executable_path/Frameworks @executable_path/../../Frameworks";
				PRODUCT_BUNDLE_IDENTIFIER = com.jwitapps.PuttPutt.MessagesExtension;
				PRODUCT_NAME = "$(TARGET_NAME)";
				SKIP_INSTALL = YES;
				SWIFT_VERSION = 3.0;
			};
			name = Debug;
		};
		8BD53AD61DDE76A50082593B /* Release */ = {
			isa = XCBuildConfiguration;
			baseConfigurationReference = 097B8C121385D7D2F3398DA7 /* Pods-MessagesExtension.release.xcconfig */;
			buildSettings = {
				ASSETCATALOG_COMPILER_APPICON_NAME = "iMessage App Icon";
				DEVELOPMENT_TEAM = 349WFX4WJR;
				FRAMEWORK_SEARCH_PATHS = (
					"$(inherited)",
					"$(PROJECT_DIR)/MessagesExtension",
					"$(PROJECT_DIR)",
				);
				GOOGLE_SERVICES_FILE = "GoogleService-Info";
				INFOPLIST_FILE = MessagesExtension/Info.plist;
				LD_RUNPATH_SEARCH_PATHS = "$(inherited) @executable_path/Frameworks @executable_path/../../Frameworks";
				PRODUCT_BUNDLE_IDENTIFIER = com.jwitapps.PuttPutt.MessagesExtension;
				PRODUCT_NAME = "$(TARGET_NAME)";
				SKIP_INSTALL = YES;
				SWIFT_VERSION = 3.0;
			};
			name = Release;
		};
		8BD53AD91DDE76A50082593B /* Debug */ = {
			isa = XCBuildConfiguration;
			baseConfigurationReference = 6029B3F68653718858AE68AC /* Pods-PuttPutt.debug.xcconfig */;
			buildSettings = {
				ALWAYS_EMBED_SWIFT_STANDARD_LIBRARIES = YES;
				ASSETCATALOG_COMPILER_APPICON_NAME = AppIcon;
				DEVELOPMENT_TEAM = 349WFX4WJR;
				INFOPLIST_FILE = PuttPutt/Info.plist;
				PRODUCT_BUNDLE_IDENTIFIER = com.jwitapps.PuttPutt;
				PRODUCT_NAME = "$(TARGET_NAME)";
				SWIFT_VERSION = 3.0;
			};
			name = Debug;
		};
		8BD53ADA1DDE76A50082593B /* Release */ = {
			isa = XCBuildConfiguration;
			baseConfigurationReference = C13FC445CF7B361ED44341EE /* Pods-PuttPutt.release.xcconfig */;
			buildSettings = {
				ALWAYS_EMBED_SWIFT_STANDARD_LIBRARIES = YES;
				ASSETCATALOG_COMPILER_APPICON_NAME = AppIcon;
				DEVELOPMENT_TEAM = 349WFX4WJR;
				INFOPLIST_FILE = PuttPutt/Info.plist;
				PRODUCT_BUNDLE_IDENTIFIER = com.jwitapps.PuttPutt;
				PRODUCT_NAME = "$(TARGET_NAME)";
				SWIFT_VERSION = 3.0;
			};
			name = Release;
		};
/* End XCBuildConfiguration section */

/* Begin XCConfigurationList section */
		8BD53AB51DDE76A50082593B /* Build configuration list for PBXProject "PuttPutt" */ = {
			isa = XCConfigurationList;
			buildConfigurations = (
				8BD53AD21DDE76A50082593B /* Debug */,
				8BD53AD31DDE76A50082593B /* Release */,
			);
			defaultConfigurationIsVisible = 0;
			defaultConfigurationName = Release;
		};
		8BD53AD41DDE76A50082593B /* Build configuration list for PBXNativeTarget "MessagesExtension" */ = {
			isa = XCConfigurationList;
			buildConfigurations = (
				8BD53AD51DDE76A50082593B /* Debug */,
				8BD53AD61DDE76A50082593B /* Release */,
			);
			defaultConfigurationIsVisible = 0;
			defaultConfigurationName = Release;
		};
		8BD53AD81DDE76A50082593B /* Build configuration list for PBXNativeTarget "PuttPutt" */ = {
			isa = XCConfigurationList;
			buildConfigurations = (
				8BD53AD91DDE76A50082593B /* Debug */,
				8BD53ADA1DDE76A50082593B /* Release */,
			);
			defaultConfigurationIsVisible = 0;
			defaultConfigurationName = Release;
		};
/* End XCConfigurationList section */
	};
	rootObject = 8BD53AB21DDE76A50082593B /* Project object */;
}
